
Microsoft Visual Studio Solution File, Format Version 12.00
# Visual Studio Version 17
VisualStudioVersion = 17.9.34607.119
MinimumVisualStudioVersion = 10.0.40219.1
Project("{FAE04EC0-301F-11D3-BF4B-00C04F79EFBC}") = "Kontur.Bet", "Kontur.Bet\Kontur.Bet.csproj", "{C9782E84-19B1-49EA-BEC9-784B6C477FC7}"
EndProject
Global
	GlobalSection(SolutionConfigurationPlatforms) = preSolution
		Debug|Any CPU = Debug|Any CPU
		Release|Any CPU = Release|Any CPU
	EndGlobalSection
	GlobalSection(ProjectConfigurationPlatforms) = postSolution
		{C9782E84-19B1-49EA-BEC9-784B6C477FC7}.Debug|Any CPU.ActiveCfg = Debug|Any CPU
		{C9782E84-19B1-49EA-BEC9-784B6C477FC7}.Debug|Any CPU.Build.0 = Debug|Any CPU
		{C9782E84-19B1-49EA-BEC9-784B6C477FC7}.Release|Any CPU.ActiveCfg = Release|Any CPU
		{C9782E84-19B1-49EA-BEC9-784B6C477FC7}.Release|Any CPU.Build.0 = Release|Any CPU
	EndGlobalSection
	GlobalSection(SolutionProperties) = preSolution
		HideSolutionNode = FALSE
	EndGlobalSection
	GlobalSection(ExtensibilityGlobals) = postSolution
		SolutionGuid = {D03A0BA5-C5EB-442D-8F33-42620885FAA7}
	EndGlobalSection
EndGlobal
